
Microsoft Visual Studio Solution File, Format Version 12.00
# Visual Studio Version 17
VisualStudioVersion = 17.13.35825.156
MinimumVisualStudioVersion = 10.0.40219.1
Project("{FAE04EC0-301F-11D3-BF4B-00C04F79EFBC}") = "Trwn.Inspection.Mobile", "Trwn.Inspection.Mobile\Trwn.Inspection.Mobile.csproj", "{50A950F7-3B18-48DC-BAD2-E40F2126FE6B}"
EndProject
Project("{FAE04EC0-301F-11D3-BF4B-00C04F79EFBC}") = "Trwn.Inspection.Models", "Trwn.Inspection.Models\Trwn.Inspection.Models.csproj", "{1F2F7941-82BE-43F5-BB20-9CEBBFE3343C}"
EndProject
Project("{FAE04EC0-301F-11D3-BF4B-00C04F79EFBC}") = "Trwn.Inspection.Web", "Trwn.Inspection.Web\Trwn.Inspection.Web.csproj", "{F358034C-96C6-4AC2-9266-D6D46167DB50}"
EndProject
Project("{FAE04EC0-301F-11D3-BF4B-00C04F79EFBC}") = "Trwn.Inspection.Core", "Trwn.Inspection.Core\Trwn.Inspection.Core.csproj", "{3E8D1B69-6BF5-4D43-98D9-F51BFAB71EAA}"
EndProject
Project("{FAE04EC0-301F-11D3-BF4B-00C04F79EFBC}") = "Trwn.Inspection.Infrastructure", "Trwn.Inspection.Infrastructure\Trwn.Inspection.Infrastructure.csproj", "{491A46F7-45B5-4F21-9554-46C1D20B0004}"
EndProject
Project("{FAE04EC0-301F-11D3-BF4B-00C04F79EFBC}") = "Trwn.Inspection.Configuration", "Trwn.Inspection.Configuration\Trwn.Inspection.Configuration.csproj", "{B8F55562-17D6-4D84-AFF5-E95E6469E027}"
EndProject
Project("{FAE04EC0-301F-11D3-BF4B-00C04F79EFBC}") = "Trwn.Inspection.WebClient", "Trwn.Inspection.WebClient\Trwn.Inspection.WebClient.csproj", "{A70C0447-5D77-4CB8-BA9A-71DDF0BF848B}"
EndProject
Global
	GlobalSection(SolutionConfigurationPlatforms) = preSolution
		Debug|Any CPU = Debug|Any CPU
		Release|Any CPU = Release|Any CPU
	EndGlobalSection
	GlobalSection(ProjectConfigurationPlatforms) = postSolution
		{50A950F7-3B18-48DC-BAD2-E40F2126FE6B}.Debug|Any CPU.ActiveCfg = Debug|Any CPU
		{50A950F7-3B18-48DC-BAD2-E40F2126FE6B}.Debug|Any CPU.Build.0 = Debug|Any CPU
		{50A950F7-3B18-48DC-BAD2-E40F2126FE6B}.Debug|Any CPU.Deploy.0 = Debug|Any CPU
		{50A950F7-3B18-48DC-BAD2-E40F2126FE6B}.Release|Any CPU.ActiveCfg = Release|Any CPU
		{50A950F7-3B18-48DC-BAD2-E40F2126FE6B}.Release|Any CPU.Build.0 = Release|Any CPU
		{50A950F7-3B18-48DC-BAD2-E40F2126FE6B}.Release|Any CPU.Deploy.0 = Release|Any CPU
		{1F2F7941-82BE-43F5-BB20-9CEBBFE3343C}.Debug|Any CPU.ActiveCfg = Debug|Any CPU
		{1F2F7941-82BE-43F5-BB20-9CEBBFE3343C}.Debug|Any CPU.Build.0 = Debug|Any CPU
		{1F2F7941-82BE-43F5-BB20-9CEBBFE3343C}.Release|Any CPU.ActiveCfg = Release|Any CPU
		{1F2F7941-82BE-43F5-BB20-9CEBBFE3343C}.Release|Any CPU.Build.0 = Release|Any CPU
		{F358034C-96C6-4AC2-9266-D6D46167DB50}.Debug|Any CPU.ActiveCfg = Debug|Any CPU
		{F358034C-96C6-4AC2-9266-D6D46167DB50}.Debug|Any CPU.Build.0 = Debug|Any CPU
		{F358034C-96C6-4AC2-9266-D6D46167DB50}.Release|Any CPU.ActiveCfg = Release|Any CPU
		{F358034C-96C6-4AC2-9266-D6D46167DB50}.Release|Any CPU.Build.0 = Release|Any CPU
		{3E8D1B69-6BF5-4D43-98D9-F51BFAB71EAA}.Debug|Any CPU.ActiveCfg = Debug|Any CPU
		{3E8D1B69-6BF5-4D43-98D9-F51BFAB71EAA}.Debug|Any CPU.Build.0 = Debug|Any CPU
		{3E8D1B69-6BF5-4D43-98D9-F51BFAB71EAA}.Release|Any CPU.ActiveCfg = Release|Any CPU
		{3E8D1B69-6BF5-4D43-98D9-F51BFAB71EAA}.Release|Any CPU.Build.0 = Release|Any CPU
		{491A46F7-45B5-4F21-9554-46C1D20B0004}.Debug|Any CPU.ActiveCfg = Debug|Any CPU
		{491A46F7-45B5-4F21-9554-46C1D20B0004}.Debug|Any CPU.Build.0 = Debug|Any CPU
		{491A46F7-45B5-4F21-9554-46C1D20B0004}.Release|Any CPU.ActiveCfg = Release|Any CPU
		{491A46F7-45B5-4F21-9554-46C1D20B0004}.Release|Any CPU.Build.0 = Release|Any CPU
		{B8F55562-17D6-4D84-AFF5-E95E6469E027}.Debug|Any CPU.ActiveCfg = Debug|Any CPU
		{B8F55562-17D6-4D84-AFF5-E95E6469E027}.Debug|Any CPU.Build.0 = Debug|Any CPU
		{B8F55562-17D6-4D84-AFF5-E95E6469E027}.Release|Any CPU.ActiveCfg = Release|Any CPU
		{B8F55562-17D6-4D84-AFF5-E95E6469E027}.Release|Any CPU.Build.0 = Release|Any CPU
		{A70C0447-5D77-4CB8-BA9A-71DDF0BF848B}.Debug|Any CPU.ActiveCfg = Debug|Any CPU
		{A70C0447-5D77-4CB8-BA9A-71DDF0BF848B}.Debug|Any CPU.Build.0 = Debug|Any CPU
		{A70C0447-5D77-4CB8-BA9A-71DDF0BF848B}.Release|Any CPU.ActiveCfg = Release|Any CPU
		{A70C0447-5D77-4CB8-BA9A-71DDF0BF848B}.Release|Any CPU.Build.0 = Release|Any CPU
	EndGlobalSection
	GlobalSection(SolutionProperties) = preSolution
		HideSolutionNode = FALSE
	EndGlobalSection
	GlobalSection(ExtensibilityGlobals) = postSolution
		SolutionGuid = {BF63DB32-1620-4096-91CF-F4B478DD4B04}
	EndGlobalSection
EndGlobal
